// !$*UTF8*$!
{
	archiveVersion = 1;
	classes = {
	};
	objectVersion = 56;
	objects = {

/* Begin PBXBuildFile section */
		AA0000000000000000000020 /* QuickrunApp.swift in Sources */ = {isa = PBXBuildFile; fileRef = AA0000000000000000000010 /* QuickrunApp.swift */; };
		AA0000000000000000000021 /* AppDelegate.swift in Sources */ = {isa = PBXBuildFile; fileRef = AA0000000000000000000011 /* AppDelegate.swift */; };
		AA0000000000000000000022 /* Models.swift in Sources */ = {isa = PBXBuildFile; fileRef = AA0000000000000000000012 /* Models.swift */; };
		AA0000000000000000000023 /* AppSettings.swift in Sources */ = {isa = PBXBuildFile; fileRef = AA0000000000000000000013 /* AppSettings.swift */; };
		AA0000000000000000000024 /* ProcessRunner.swift in Sources */ = {isa = PBXBuildFile; fileRef = AA0000000000000000000014 /* ProcessRunner.swift */; };
		AA0000000000000000000025 /* ActionStore.swift in Sources */ = {isa = PBXBuildFile; fileRef = AA0000000000000000000015 /* ActionStore.swift */; };
		AA0000000000000000000026 /* RunStore.swift in Sources */ = {isa = PBXBuildFile; fileRef = AA0000000000000000000016 /* RunStore.swift */; };
		AA0000000000000000000027 /* PanelView.swift in Sources */ = {isa = PBXBuildFile; fileRef = AA0000000000000000000017 /* PanelView.swift */; };
		AA0000000000000000000028 /* MainWindowView.swift in Sources */ = {isa = PBXBuildFile; fileRef = AA0000000000000000000018 /* MainWindowView.swift */; };
		AA0000000000000000000029 /* ActionsView.swift in Sources */ = {isa = PBXBuildFile; fileRef = AA0000000000000000000019 /* ActionsView.swift */; };
		AA000000000000000000002A /* RunsView.swift in Sources */ = {isa = PBXBuildFile; fileRef = AA000000000000000000001A /* RunsView.swift */; };
		AA000000000000000000002B /* ActionFormView.swift in Sources */ = {isa = PBXBuildFile; fileRef = AA000000000000000000001B /* ActionFormView.swift */; };
		AA000000000000000000002C /* SettingsView.swift in Sources */ = {isa = PBXBuildFile; fileRef = AA000000000000000000001C /* SettingsView.swift */; };
		AA000000000000000000002D /* Assets.xcassets in Resources */ = {isa = PBXBuildFile; fileRef = AA000000000000000000001F /* Assets.xcassets */; };
		AA000000000000000000002E /* LogsView.swift in Sources */ = {isa = PBXBuildFile; fileRef = AA000000000000000000001E /* LogsView.swift */; };
		AA0000000000000000000040 /* WorkspaceStore.swift in Sources */ = {isa = PBXBuildFile; fileRef = AA0000000000000000000041 /* WorkspaceStore.swift */; };
		AA0000000000000000000042 /* WorkspacesView.swift in Sources */ = {isa = PBXBuildFile; fileRef = AA0000000000000000000043 /* WorkspacesView.swift */; };
		AA0000000000000000000044 /* TrashView.swift in Sources */ = {isa = PBXBuildFile; fileRef = AA0000000000000000000045 /* TrashView.swift */; };
/* End PBXBuildFile section */

/* Begin PBXFileReference section */
		AA000000000000000000000F /* Quickrun.app */ = {isa = PBXFileReference; explicitFileType = wrapper.application; includeInIndex = 0; path = Quickrun.app; sourceTree = BUILT_PRODUCTS_DIR; };
		AA0000000000000000000010 /* QuickrunApp.swift */ = {isa = PBXFileReference; lastKnownFileType = sourcecode.swift; path = QuickrunApp.swift; sourceTree = "<group>"; };
		AA0000000000000000000011 /* AppDelegate.swift */ = {isa = PBXFileReference; lastKnownFileType = sourcecode.swift; path = AppDelegate.swift; sourceTree = "<group>"; };
		AA0000000000000000000012 /* Models.swift */ = {isa = PBXFileReference; lastKnownFileType = sourcecode.swift; path = Models.swift; sourceTree = "<group>"; };
		AA0000000000000000000013 /* AppSettings.swift */ = {isa = PBXFileReference; lastKnownFileType = sourcecode.swift; path = AppSettings.swift; sourceTree = "<group>"; };
		AA0000000000000000000014 /* ProcessRunner.swift */ = {isa = PBXFileReference; lastKnownFileType = sourcecode.swift; path = ProcessRunner.swift; sourceTree = "<group>"; };
		AA0000000000000000000015 /* ActionStore.swift */ = {isa = PBXFileReference; lastKnownFileType = sourcecode.swift; path = ActionStore.swift; sourceTree = "<group>"; };
		AA0000000000000000000016 /* RunStore.swift */ = {isa = PBXFileReference; lastKnownFileType = sourcecode.swift; path = RunStore.swift; sourceTree = "<group>"; };
		AA0000000000000000000017 /* PanelView.swift */ = {isa = PBXFileReference; lastKnownFileType = sourcecode.swift; path = PanelView.swift; sourceTree = "<group>"; };
		AA0000000000000000000018 /* MainWindowView.swift */ = {isa = PBXFileReference; lastKnownFileType = sourcecode.swift; path = MainWindowView.swift; sourceTree = "<group>"; };
		AA0000000000000000000019 /* ActionsView.swift */ = {isa = PBXFileReference; lastKnownFileType = sourcecode.swift; path = ActionsView.swift; sourceTree = "<group>"; };
		AA000000000000000000001A /* RunsView.swift */ = {isa = PBXFileReference; lastKnownFileType = sourcecode.swift; path = RunsView.swift; sourceTree = "<group>"; };
		AA000000000000000000001B /* ActionFormView.swift */ = {isa = PBXFileReference; lastKnownFileType = sourcecode.swift; path = ActionFormView.swift; sourceTree = "<group>"; };
		AA000000000000000000001C /* SettingsView.swift */ = {isa = PBXFileReference; lastKnownFileType = sourcecode.swift; path = SettingsView.swift; sourceTree = "<group>"; };
		AA000000000000000000001D /* Info.plist */ = {isa = PBXFileReference; lastKnownFileType = text.plist.xml; path = Info.plist; sourceTree = "<group>"; };
		AA000000000000000000001E /* LogsView.swift */ = {isa = PBXFileReference; lastKnownFileType = sourcecode.swift; path = LogsView.swift; sourceTree = "<group>"; };
		AA000000000000000000001F /* Assets.xcassets */ = {isa = PBXFileReference; lastKnownFileType = folder.assetcatalog; path = Assets.xcassets; sourceTree = "<group>"; };
		AA0000000000000000000030 /* Quickrun.entitlements */ = {isa = PBXFileReference; lastKnownFileType = text.plist.entitlements; path = Quickrun.entitlements; sourceTree = "<group>"; };
		AA0000000000000000000041 /* WorkspaceStore.swift */ = {isa = PBXFileReference; lastKnownFileType = sourcecode.swift; path = WorkspaceStore.swift; sourceTree = "<group>"; };
		AA0000000000000000000043 /* WorkspacesView.swift */ = {isa = PBXFileReference; lastKnownFileType = sourcecode.swift; path = WorkspacesView.swift; sourceTree = "<group>"; };
		AA0000000000000000000045 /* TrashView.swift */ = {isa = PBXFileReference; lastKnownFileType = sourcecode.swift; path = TrashView.swift; sourceTree = "<group>"; };
/* End PBXFileReference section */

/* Begin PBXFrameworksBuildPhase section */
		AA000000000000000000000B /* Frameworks */ = {
			isa = PBXFrameworksBuildPhase;
			buildActionMask = 2147483647;
			files = (
			);
			runOnlyForDeploymentPostprocessing = 0;
		};
/* End PBXFrameworksBuildPhase section */

/* Begin PBXGroup section */
		AA000000000000000000000C /* Quickrun */ = {
			isa = PBXGroup;
			children = (
				AA0000000000000000000010 /* QuickrunApp.swift */,
				AA0000000000000000000011 /* AppDelegate.swift */,
				AA0000000000000000000012 /* Models.swift */,
				AA0000000000000000000013 /* AppSettings.swift */,
				AA0000000000000000000014 /* ProcessRunner.swift */,
				AA0000000000000000000015 /* ActionStore.swift */,
				AA0000000000000000000016 /* RunStore.swift */,
				AA0000000000000000000017 /* PanelView.swift */,
				AA0000000000000000000018 /* MainWindowView.swift */,
				AA0000000000000000000019 /* ActionsView.swift */,
				AA000000000000000000001A /* RunsView.swift */,
				AA000000000000000000001B /* ActionFormView.swift */,
				AA000000000000000000001C /* SettingsView.swift */,
				AA000000000000000000001E /* LogsView.swift */,
				AA0000000000000000000041 /* WorkspaceStore.swift */,
				AA0000000000000000000043 /* WorkspacesView.swift */,
				AA0000000000000000000045 /* TrashView.swift */,
				AA000000000000000000001D /* Info.plist */,
				AA0000000000000000000030 /* Quickrun.entitlements */,
				AA000000000000000000001F /* Assets.xcassets */,
			);
			path = Quickrun;
			sourceTree = "<group>";
		};
		AA000000000000000000000D /* Products */ = {
			isa = PBXGroup;
			children = (
				AA000000000000000000000F /* Quickrun.app */,
			);
			name = Products;
			sourceTree = "<group>";
		};
		AA0000000000000000000031 = {
			isa = PBXGroup;
			children = (
				AA000000000000000000000C /* Quickrun */,
				AA000000000000000000000D /* Products */,
			);
			sourceTree = "<group>";
		};
/* End PBXGroup section */

/* Begin PBXNativeTarget section */
		AA0000000000000000000007 /* Quickrun */ = {
			isa = PBXNativeTarget;
			buildConfigurationList = AA0000000000000000000002 /* Build configuration list for PBXNativeTarget "Quickrun" */;
			buildPhases = (
				AA0000000000000000000009 /* Sources */,
				AA000000000000000000000A /* Resources */,
				AA000000000000000000000B /* Frameworks */,
			);
			buildRules = (
			);
			dependencies = (
			);
			name = Quickrun;
			productName = Quickrun;
			productReference = AA000000000000000000000F /* Quickrun.app */;
			productType = "com.apple.product-type.application";
		};
/* End PBXNativeTarget section */

/* Begin PBXProject section */
		AA0000000000000000000008 /* Project object */ = {
			isa = PBXProject;
			attributes = {
				BuildIndependentTargetsInParallel = 1;
				LastSwiftUpdateCheck = 1500;
				LastUpgradeCheck = 1500;
				TargetAttributes = {
					AA0000000000000000000007 = {
						CreatedOnToolsVersion = 15.0;
					};
				};
			};
			buildConfigurationList = AA0000000000000000000001 /* Build configuration list for PBXProject "Quickrun" */;
			compatibilityVersion = "Xcode 14.0";
			developmentRegion = en;
			hasScannedForEncodings = 0;
			knownRegions = (
				en,
				Base,
			);
			mainGroup = AA0000000000000000000031;
			productRefGroup = AA000000000000000000000D /* Products */;
			projectDirPath = "";
			projectRoot = "";
			targets = (
				AA0000000000000000000007 /* Quickrun */,
			);
		};
/* End PBXProject section */

/* Begin PBXResourcesBuildPhase section */
		AA000000000000000000000A /* Resources */ = {
			isa = PBXResourcesBuildPhase;
			buildActionMask = 2147483647;
			files = (
				AA000000000000000000002D /* Assets.xcassets in Resources */,
			);
			runOnlyForDeploymentPostprocessing = 0;
		};
/* End PBXResourcesBuildPhase section */

/* Begin PBXSourcesBuildPhase section */
		AA0000000000000000000009 /* Sources */ = {
			isa = PBXSourcesBuildPhase;
			buildActionMask = 2147483647;
			files = (
				AA0000000000000000000020 /* QuickrunApp.swift in Sources */,
				AA0000000000000000000021 /* AppDelegate.swift in Sources */,
				AA0000000000000000000022 /* Models.swift in Sources */,
				AA0000000000000000000023 /* AppSettings.swift in Sources */,
				AA0000000000000000000024 /* ProcessRunner.swift in Sources */,
				AA0000000000000000000025 /* ActionStore.swift in Sources */,
				AA0000000000000000000026 /* RunStore.swift in Sources */,
				AA0000000000000000000027 /* PanelView.swift in Sources */,
				AA0000000000000000000028 /* MainWindowView.swift in Sources */,
				AA0000000000000000000029 /* ActionsView.swift in Sources */,
				AA000000000000000000002A /* RunsView.swift in Sources */,
				AA000000000000000000002B /* ActionFormView.swift in Sources */,
				AA000000000000000000002C /* SettingsView.swift in Sources */,
				AA000000000000000000002E /* LogsView.swift in Sources */,
				AA0000000000000000000040 /* WorkspaceStore.swift in Sources */,
				AA0000000000000000000042 /* WorkspacesView.swift in Sources */,
				AA0000000000000000000044 /* TrashView.swift in Sources */,
			);
			runOnlyForDeploymentPostprocessing = 0;
		};
/* End PBXSourcesBuildPhase section */

/* Begin XCBuildConfiguration section */
		AA0000000000000000000003 /* Debug */ = {
			isa = XCBuildConfiguration;
			buildSettings = {
				ALWAYS_SEARCH_USER_PATHS = NO;
				CLANG_ANALYZER_NONNULL = YES;
				CLANG_ANALYZER_NUMBER_OBJECT_CONVERSION = YES_AGGRESSIVE;
				CLANG_CXX_LANGUAGE_STANDARD = "gnu++17";
				CLANG_ENABLE_MODULES = YES;
				CLANG_ENABLE_OBJC_ARC = YES;
				CLANG_ENABLE_OBJC_WEAK = YES;
				CLANG_WARN_BLOCK_CAPTURE_AUTORELEASING = YES;
				CLANG_WARN_BOOL_CONVERSION = YES;
				CLANG_WARN_COMMA = YES;
				CLANG_WARN_CONSTANT_CONVERSION = YES;
				CLANG_WARN_DEPRECATED_OBJC_IMPLEMENTATIONS = YES;
				CLANG_WARN_DIRECT_OBJC_ISA_USAGE = YES_ERROR;
				CLANG_WARN_DOCUMENTATION_COMMENTS = YES;
				CLANG_WARN_EMPTY_BODY = YES;
				CLANG_WARN_ENUM_CONVERSION = YES;
				CLANG_WARN_INFINITE_RECURSION = YES;
				CLANG_WARN_INT_CONVERSION = YES;
				CLANG_WARN_NON_LITERAL_NULL_CONVERSION = YES;
				CLANG_WARN_OBJC_IMPLICIT_RETAIN_CYCLE = YES;
				CLANG_WARN_OBJC_LITERAL_CONVERSION = YES;
				CLANG_WARN_OBJC_ROOT_CLASS = YES_ERROR;
				CLANG_WARN_QUOTED_INCLUDE_IN_FRAMEWORK_HEADER = YES;
				CLANG_WARN_RANGE_LOOP_ANALYSIS = YES;
				CLANG_WARN_STRICT_PROTOTYPES = YES;
				CLANG_WARN_SUSPICIOUS_MOVE = YES;
				CLANG_WARN_UNGUARDED_AVAILABILITY = YES_AGGRESSIVE;
				CLANG_WARN_UNREACHABLE_CODE = YES;
				CLANG_WARN__DUPLICATE_METHOD_MATCH = YES;
				COPY_PHASE_STRIP = NO;
				DEBUG_INFORMATION_FORMAT = dwarf;
				ENABLE_STRICT_OBJC_MSGSEND = YES;
				ENABLE_TESTABILITY = YES;
				GCC_C_LANGUAGE_STANDARD = gnu11;
				GCC_DYNAMIC_NO_PIC = NO;
				GCC_NO_COMMON_BLOCKS = YES;
				GCC_OPTIMIZATION_LEVEL = 0;
				GCC_PREPROCESSOR_DEFINITIONS = (
					"DEBUG=1",
					"$(inherited)",
				);
				GCC_WARN_64_TO_32_BIT_CONVERSION = YES;
				GCC_WARN_ABOUT_RETURN_TYPE = YES_ERROR;
				GCC_WARN_UNDECLARED_SELECTOR = YES;
				GCC_WARN_UNINITIALIZED_AUTOS = YES_AGGRESSIVE;
				GCC_WARN_UNUSED_FUNCTION = YES;
				GCC_WARN_UNUSED_VARIABLE = YES;
				MACOSX_DEPLOYMENT_TARGET = 13.0;
				MTL_ENABLE_DEBUG_INFO = INCLUDE_SOURCE;
				MTL_FAST_MATH = YES;
				ONLY_ACTIVE_ARCH = YES;
				SDKROOT = macosx;
				SWIFT_ACTIVE_COMPILATION_CONDITIONS = DEBUG;
				SWIFT_OPTIMIZATION_LEVEL = "-Onone";
			};
			name = Debug;
		};
		AA0000000000000000000004 /* Release */ = {
			isa = XCBuildConfiguration;
			buildSettings = {
				ALWAYS_SEARCH_USER_PATHS = NO;
				CLANG_ANALYZER_NONNULL = YES;
				CLANG_ANALYZER_NUMBER_OBJECT_CONVERSION = YES_AGGRESSIVE;
				CLANG_CXX_LANGUAGE_STANDARD = "gnu++17";
				CLANG_ENABLE_MODULES = YES;
				CLANG_ENABLE_OBJC_ARC = YES;
				CLANG_ENABLE_OBJC_WEAK = YES;
				CLANG_WARN_BLOCK_CAPTURE_AUTORELEASING = YES;
				CLANG_WARN_BOOL_CONVERSION = YES;
				CLANG_WARN_COMMA = YES;
				CLANG_WARN_CONSTANT_CONVERSION = YES;
				CLANG_WARN_DEPRECATED_OBJC_IMPLEMENTATIONS = YES;
				CLANG_WARN_DIRECT_OBJC_ISA_USAGE = YES_ERROR;
				CLANG_WARN_DOCUMENTATION_COMMENTS = YES;
				CLANG_WARN_EMPTY_BODY = YES;
				CLANG_WARN_ENUM_CONVERSION = YES;
				CLANG_WARN_INFINITE_RECURSION = YES;
				CLANG_WARN_INT_CONVERSION = YES;
				CLANG_WARN_NON_LITERAL_NULL_CONVERSION = YES;
				CLANG_WARN_OBJC_IMPLICIT_RETAIN_CYCLE = YES;
				CLANG_WARN_OBJC_LITERAL_CONVERSION = YES;
				CLANG_WARN_OBJC_ROOT_CLASS = YES_ERROR;
				CLANG_WARN_QUOTED_INCLUDE_IN_FRAMEWORK_HEADER = YES;
				CLANG_WARN_RANGE_LOOP_ANALYSIS = YES;
				CLANG_WARN_STRICT_PROTOTYPES = YES;
				CLANG_WARN_SUSPICIOUS_MOVE = YES;
				CLANG_WARN_UNGUARDED_AVAILABILITY = YES_AGGRESSIVE;
				CLANG_WARN_UNREACHABLE_CODE = YES;
				CLANG_WARN__DUPLICATE_METHOD_MATCH = YES;
				COPY_PHASE_STRIP = NO;
				DEBUG_INFORMATION_FORMAT = "dwarf-with-dsym";
				ENABLE_NS_ASSERTIONS = NO;
				ENABLE_STRICT_OBJC_MSGSEND = YES;
				GCC_C_LANGUAGE_STANDARD = gnu11;
				GCC_NO_COMMON_BLOCKS = YES;
				GCC_WARN_64_TO_32_BIT_CONVERSION = YES;
				GCC_WARN_ABOUT_RETURN_TYPE = YES_ERROR;
				GCC_WARN_UNDECLARED_SELECTOR = YES;
				GCC_WARN_UNINITIALIZED_AUTOS = YES_AGGRESSIVE;
				GCC_WARN_UNUSED_FUNCTION = YES;
				GCC_WARN_UNUSED_VARIABLE = YES;
				MACOSX_DEPLOYMENT_TARGET = 13.0;
				MTL_ENABLE_DEBUG_INFO = NO;
				MTL_FAST_MATH = YES;
				SDKROOT = macosx;
				SWIFT_COMPILATION_MODE = wholemodule;
				SWIFT_OPTIMIZATION_LEVEL = "-O";
			};
			name = Release;
		};
		AA0000000000000000000005 /* Debug */ = {
			isa = XCBuildConfiguration;
			buildSettings = {
				ASSETCATALOG_COMPILER_APPICON_NAME = AppIcon;
				ASSETCATALOG_COMPILER_INCLUDE_ALL_APPICON_ASSETS = YES;
				CODE_SIGN_ENTITLEMENTS = Quickrun/Quickrun.entitlements;
				CODE_SIGN_STYLE = Automatic;
				COMBINE_HIDPI_IMAGES = YES;
				CURRENT_PROJECT_VERSION = 1;
				GENERATE_INFOPLIST_FILE = NO;
				INFOPLIST_FILE = Quickrun/Info.plist;
				INFOPLIST_KEY_CFBundleDisplayName = Quickrun;
				INFOPLIST_KEY_LSApplicationCategoryType = "public.app-category.utilities";
				LD_RUNPATH_SEARCH_PATHS = (
					"$(inherited)",
					"@executable_path/../Frameworks",
				);
				MACOSX_DEPLOYMENT_TARGET = 13.0;
				MARKETING_VERSION = 1.0;
				PRODUCT_BUNDLE_IDENTIFIER = com.quickrun.app;
				PRODUCT_NAME = "$(TARGET_NAME)";
				SWIFT_EMIT_LOC_STRINGS = YES;
				SWIFT_VERSION = 5.0;
			};
			name = Debug;
		};
		AA0000000000000000000006 /* Release */ = {
			isa = XCBuildConfiguration;
			buildSettings = {
				ASSETCATALOG_COMPILER_APPICON_NAME = AppIcon;
				ASSETCATALOG_COMPILER_INCLUDE_ALL_APPICON_ASSETS = YES;
				CODE_SIGN_ENTITLEMENTS = Quickrun/Quickrun.entitlements;
				CODE_SIGN_STYLE = Automatic;
				COMBINE_HIDPI_IMAGES = YES;
				CURRENT_PROJECT_VERSION = 1;
				GENERATE_INFOPLIST_FILE = NO;
				INFOPLIST_FILE = Quickrun/Info.plist;
				INFOPLIST_KEY_CFBundleDisplayName = Quickrun;
				INFOPLIST_KEY_LSApplicationCategoryType = "public.app-category.utilities";
				LD_RUNPATH_SEARCH_PATHS = (
					"$(inherited)",
					"@executable_path/../Frameworks",
				);
				MACOSX_DEPLOYMENT_TARGET = 13.0;
				MARKETING_VERSION = 1.0;
				PRODUCT_BUNDLE_IDENTIFIER = com.quickrun.app;
				PRODUCT_NAME = "$(TARGET_NAME)";
				SWIFT_EMIT_LOC_STRINGS = YES;
				SWIFT_VERSION = 5.0;
			};
			name = Release;
		};
/* End XCBuildConfiguration section */

/* Begin XCConfigurationList section */
		AA0000000000000000000001 /* Build configuration list for PBXProject "Quickrun" */ = {
			isa = XCConfigurationList;
			buildConfigurations = (
				AA0000000000000000000003 /* Debug */,
				AA0000000000000000000004 /* Release */,
			);
			defaultConfigurationIsVisible = 0;
			defaultConfigurationName = Release;
		};
		AA0000000000000000000002 /* Build configuration list for PBXNativeTarget "Quickrun" */ = {
			isa = XCConfigurationList;
			buildConfigurations = (
				AA0000000000000000000005 /* Debug */,
				AA0000000000000000000006 /* Release */,
			);
			defaultConfigurationIsVisible = 0;
			defaultConfigurationName = Release;
		};
/* End XCConfigurationList section */
	};
	rootObject = AA0000000000000000000008 /* Project object */;
}
